
Microsoft Visual Studio Solution File, Format Version 12.00
# Visual Studio Version 16
VisualStudioVersion = 16.0.30907.101
MinimumVisualStudioVersion = 10.0.40219.1
Project("{FAE04EC0-301F-11D3-BF4B-00C04F79EFBC}") = "devops", "devops\devops.csproj", "{31FC213C-4C52-44A5-977E-8E064DB049F8}"
EndProject
Global
	GlobalSection(SolutionConfigurationPlatforms) = preSolution
		Debug|Any CPU = Debug|Any CPU
		Release|Any CPU = Release|Any CPU
	EndGlobalSection
	GlobalSection(ProjectConfigurationPlatforms) = postSolution
		{31FC213C-4C52-44A5-977E-8E064DB049F8}.Debug|Any CPU.ActiveCfg = Debug|Any CPU
		{31FC213C-4C52-44A5-977E-8E064DB049F8}.Debug|Any CPU.Build.0 = Debug|Any CPU
		{31FC213C-4C52-44A5-977E-8E064DB049F8}.Release|Any CPU.ActiveCfg = Release|Any CPU
		{31FC213C-4C52-44A5-977E-8E064DB049F8}.Release|Any CPU.Build.0 = Release|Any CPU
	EndGlobalSection
	GlobalSection(SolutionProperties) = preSolution
		HideSolutionNode = FALSE
	EndGlobalSection
	GlobalSection(ExtensibilityGlobals) = postSolution
		SolutionGuid = {D2313EE4-E730-40CD-B30F-1F0405209692}
	EndGlobalSection
EndGlobal
